
Microsoft Visual Studio Solution File, Format Version 12.00
# Visual Studio Version 17
VisualStudioVersion = 17.1.31903.286
MinimumVisualStudioVersion = 10.0.40219.1
Project("{FAE04EC0-301F-11D3-BF4B-00C04F79EFBC}") = "TicketBookingSystem.Client", "TicketBookingSystem.Client\TicketBookingSystem.Client.csproj", "{972B1DA8-1419-4543-9E83-AFA6320A253B}"
EndProject
Project("{FAE04EC0-301F-11D3-BF4B-00C04F79EFBC}") = "TicketBookingSystem.BLL", "TicketBookingSystem.BLL\TicketBookingSystem.BLL.csproj", "{D60F416E-7BE1-4119-B0A7-FEF39621950B}"
EndProject
Project("{FAE04EC0-301F-11D3-BF4B-00C04F79EFBC}") = "TicketBookingSystem.DAL", "TicketBookingSystem.DAL\TicketBookingSystem.DAL.csproj", "{D9712298-72A9-4C55-BC36-2693AEE923D9}"
EndProject
Global
	GlobalSection(SolutionConfigurationPlatforms) = preSolution
		Debug|Any CPU = Debug|Any CPU
		Release|Any CPU = Release|Any CPU
	EndGlobalSection
	GlobalSection(ProjectConfigurationPlatforms) = postSolution
		{972B1DA8-1419-4543-9E83-AFA6320A253B}.Debug|Any CPU.ActiveCfg = Debug|Any CPU
		{972B1DA8-1419-4543-9E83-AFA6320A253B}.Debug|Any CPU.Build.0 = Debug|Any CPU
		{972B1DA8-1419-4543-9E83-AFA6320A253B}.Release|Any CPU.ActiveCfg = Release|Any CPU
		{972B1DA8-1419-4543-9E83-AFA6320A253B}.Release|Any CPU.Build.0 = Release|Any CPU
		{D60F416E-7BE1-4119-B0A7-FEF39621950B}.Debug|Any CPU.ActiveCfg = Debug|Any CPU
		{D60F416E-7BE1-4119-B0A7-FEF39621950B}.Debug|Any CPU.Build.0 = Debug|Any CPU
		{D60F416E-7BE1-4119-B0A7-FEF39621950B}.Release|Any CPU.ActiveCfg = Release|Any CPU
		{D60F416E-7BE1-4119-B0A7-FEF39621950B}.Release|Any CPU.Build.0 = Release|Any CPU
		{D9712298-72A9-4C55-BC36-2693AEE923D9}.Debug|Any CPU.ActiveCfg = Debug|Any CPU
		{D9712298-72A9-4C55-BC36-2693AEE923D9}.Debug|Any CPU.Build.0 = Debug|Any CPU
		{D9712298-72A9-4C55-BC36-2693AEE923D9}.Release|Any CPU.ActiveCfg = Release|Any CPU
		{D9712298-72A9-4C55-BC36-2693AEE923D9}.Release|Any CPU.Build.0 = Release|Any CPU
	EndGlobalSection
	GlobalSection(SolutionProperties) = preSolution
		HideSolutionNode = FALSE
	EndGlobalSection
	GlobalSection(ExtensibilityGlobals) = postSolution
		SolutionGuid = {CC67CCDA-17AB-4E8D-9FB7-2D1F767DD899}
	EndGlobalSection
EndGlobal
